<?xml version="1.0" encoding="utf-8"?>
<Project ToolsVersion="4.0" xmlns="http://schemas.microsoft.com/developer/msbuild/2003">
  <ItemGroup>
    <Filter Include="Source Files">
      <UniqueIdentifier>{4FC737F1-C7A5-4376-A066-2A32D752A2FF}</UniqueIdentifier>
      <Extensions>cpp;c;cc;cxx;def;odl;idl;hpj;bat;asm;asmx</Extensions>
    </Filter>
    <Filter Include="Header Files">
      <UniqueIdentifier>{93995380-89BD-4b04-88EB-625FBE52EBFB}</UniqueIdentifier>
      <Extensions>h;hpp;hxx;hm;inl;inc;xsd</Extensions>
    </Filter>
    <Filter Include="Resource Files">
      <UniqueIdentifier>{67DA6AB6-F800-4c08-8B7A-83BB121AAD01}</UniqueIdentifier>
      <Extensions>rc;ico;cur;bmp;dlg;rc2;rct;bin;rgs;gif;jpg;jpeg;jpe;resx;tiff;tif;png;wav;mfcribbon-ms</Extensions>
    </Filter>
    <Filter Include="Header Files\Integrators">
      <UniqueIdentifier>{007b5fae-4b90-4def-b455-b2b710b895b7}</UniqueIdentifier>
    </Filter>
    <Filter Include="Source Files\Integrators">
      <UniqueIdentifier>{e6b7f2ec-c779-4719-adda-d7ee69296314}</UniqueIdentifier>
    </Filter>
    <Filter Include="Header Files\Objects">
      <UniqueIdentifier>{cc611682-247d-4fba-af82-e4f29308e804}</UniqueIdentifier>
    </Filter>
    <Filter Include="Source Files\Objects">
      <UniqueIdentifier>{e607e9f2-824a-4721-a957-f088757bf54c}</UniqueIdentifier>
    </Filter>
  </ItemGroup>
  <ItemGroup>
    <None Include="ReadMe.txt" />
  </ItemGroup>
  <ItemGroup>
    <ClInclude Include="stdafx.h">
      <Filter>Header Files</Filter>
    </ClInclude>
    <ClInclude Include="targetver.h">
      <Filter>Header Files</Filter>
    </ClInclude>
    <ClInclude Include="vector_math.h">
      <Filter>Header Files</Filter>
    </ClInclude>
    <ClInclude Include="IDelegate.h">
      <Filter>Header Files</Filter>
    </ClInclude>
    <ClInclude Include="AccelerationDelegate.h">
      <Filter>Header Files</Filter>
    </ClInclude>
    <ClInclude Include="TSingleton.h">
      <Filter>Header Files</Filter>
    </ClInclude>
    <ClInclude Include="GeometricUtilities.h">
      <Filter>Header Files</Filter>
    </ClInclude>
    <ClInclude Include="IIntegrator.h">
      <Filter>Header Files\Integrators</Filter>
    </ClInclude>
    <ClInclude Include="Integrator.h">
      <Filter>Header Files\Integrators</Filter>
    </ClInclude>
    <ClInclude Include="ExplicitEuler.h">
      <Filter>Header Files\Integrators</Filter>
    </ClInclude>
    <ClInclude Include="Integrators.h">
      <Filter>Header Files\Integrators</Filter>
    </ClInclude>
    <ClInclude Include="SymplecticEuler.h">
      <Filter>Header Files\Integrators</Filter>
    </ClInclude>
    <ClInclude Include="TypeDefs.h">
      <Filter>Header Files\Integrators</Filter>
    </ClInclude>
    <ClInclude Include="Midpoint.h">
      <Filter>Header Files\Integrators</Filter>
    </ClInclude>
    <ClInclude Include="HalfStep.h">
      <Filter>Header Files\Integrators</Filter>
    </ClInclude>
    <ClInclude Include="EulerRichardson.h">
      <Filter>Header Files\Integrators</Filter>
    </ClInclude>
    <ClInclude Include="VelocityVerlet.h">
      <Filter>Header Files\Integrators</Filter>
    </ClInclude>
    <ClInclude Include="SymplecticMidpoint.h">
      <Filter>Header Files\Integrators</Filter>
    </ClInclude>
    <ClInclude Include="RungeKutta4.h">
      <Filter>Header Files\Integrators</Filter>
    </ClInclude>
    <ClInclude Include="IPhysicalObject.h">
      <Filter>Header Files\Objects</Filter>
    </ClInclude>
    <ClInclude Include="DummyDLO.h">
      <Filter>Header Files\Objects</Filter>
    </ClInclude>
    <ClInclude Include="MassPoint.h">
      <Filter>Header Files\Objects</Filter>
    </ClInclude>
    <ClInclude Include="TorsionDLO.h">
      <Filter>Header Files\Objects</Filter>
    </ClInclude>
  </ItemGroup>
  <ItemGroup>
    <ClCompile Include="stdafx.cpp">
      <Filter>Source Files</Filter>
    </ClCompile>
    <ClCompile Include="Inphlexion.cpp">
      <Filter>Source Files</Filter>
    </ClCompile>
    <ClCompile Include="GeometricUtilities.cpp">
      <Filter>Source Files</Filter>
    </ClCompile>
    <ClCompile Include="IPhysicalObject.cpp">
      <Filter>Source Files\Integrators</Filter>
    </ClCompile>
    <ClCompile Include="MassPoint.cpp">
      <Filter>Source Files\Objects</Filter>
    </ClCompile>
    <ClCompile Include="TorsionDLO.cpp">
      <Filter>Source Files\Objects</Filter>
    </ClCompile>
  </ItemGroup>
</Project>